<?xml version="1.0" encoding="utf-8"?>
<Project ToolsVersion="4.0" xmlns="http://schemas.microsoft.com/developer/msbuild/2003">
  <ItemGroup>
    <ClCompile Include="Source\main.cpp" />
    <ClCompile Include="Source\Window\Window.cpp" />
    <ClCompile Include="Source\DirectX\Graphics.cpp" />
  </ItemGroup>
  <ItemGroup>
    <ClInclude Include="Source\Pch.h" />
    <ClInclude Include="Source\Window\Window.h" />
    <ClInclude Include="Source\Helper.h" />
    <ClInclude Include="Source\DirectX\Graphics.h" />
    <ClInclude Include="Source\Singleton.h" />
  </ItemGroup>
</Project>